<?xml version="1.0" encoding="utf-8"?>
<Project ToolsVersion="4.0" xmlns="http://schemas.microsoft.com/developer/msbuild/2003">
  <ItemGroup>
    <Filter Include="Source Files">
      <UniqueIdentifier>{4FC737F1-C7A5-4376-A066-2A32D752A2FF}</UniqueIdentifier>
      <Extensions>cpp;c;cc;cxx;c++;cppm;ixx;def;odl;idl;hpj;bat;asm;asmx</Extensions>
    </Filter>
    <Filter Include="Header Files">
      <UniqueIdentifier>{93995380-89BD-4b04-88EB-625FBE52EBFB}</UniqueIdentifier>
      <Extensions>h;hh;hpp;hxx;h++;hm;inl;inc;ipp;xsd</Extensions>
    </Filter>
    <Filter Include="Resource Files">
      <UniqueIdentifier>{67DA6AB6-F800-4c08-8B7A-83BB121AAD01}</UniqueIdentifier>
      <Extensions>rc;ico;cur;bmp;dlg;rc2;rct;bin;rgs;gif;jpg;jpeg;jpe;resx;tiff;tif;png;wav;mfcribbon-ms</Extensions>
    </Filter>
    <Filter Include="Header Files\Buckland">
      <UniqueIdentifier>{0d6fb16c-1214-46df-aa75-68e8a030fdc5}</UniqueIdentifier>
    </Filter>
    <Filter Include="Header Files\Components">
      <UniqueIdentifier>{585f68f0-e572-4d42-8470-7d57d2586ce2}</UniqueIdentifier>
    </Filter>
    <Filter Include="Source Files\Components">
      <UniqueIdentifier>{3989adad-0d20-4e6a-8d9c-787af156b3a8}</UniqueIdentifier>
    </Filter>
    <Filter Include="Header Files\Systems">
      <UniqueIdentifier>{370a1bb2-6b68-4864-97b8-ab1b0c2d2ec9}</UniqueIdentifier>
    </Filter>
    <Filter Include="Source Files\Systems">
      <UniqueIdentifier>{bf5a78e3-1561-4c60-80e7-08886d1c993e}</UniqueIdentifier>
    </Filter>
    <Filter Include="Header Files\Utility">
      <UniqueIdentifier>{ba747f7a-e10b-4f31-913d-a908203405df}</UniqueIdentifier>
    </Filter>
    <Filter Include="Source Files\Utility">
      <UniqueIdentifier>{6ee77f25-1d41-4db0-a4e9-f7f20d9fe166}</UniqueIdentifier>
    </Filter>
    <Filter Include="Lua Scripts">
      <UniqueIdentifier>{a997b739-8ef7-4ac4-a3a8-a3e16b7db864}</UniqueIdentifier>
    </Filter>
    <Filter Include="Lua Scripts\brains">
      <UniqueIdentifier>{a95bbb6a-a701-4a93-b88e-82216ae1b0df}</UniqueIdentifier>
    </Filter>
    <Filter Include="Lua Scripts\Game">
      <UniqueIdentifier>{d7e6eca9-7043-4f89-bf3c-0e35a0cb593d}</UniqueIdentifier>
    </Filter>
  </ItemGroup>
  <ItemGroup>
    <None Include="class.lua">
      <Filter>Lua Scripts</Filter>
    </None>
    <None Include="miner_states.lua">
      <Filter>Lua Scripts</Filter>
    </None>
    <None Include="test_component.lua">
      <Filter>Lua Scripts</Filter>
    </None>
    <None Include="main.lua">
      <Filter>Lua Scripts\Game</Filter>
    </None>
    <None Include="scene.lua">
      <Filter>Lua Scripts\Game</Filter>
    </None>
    <None Include="utility.lua">
      <Filter>Lua Scripts\Game</Filter>
    </None>
    <None Include="brick.lua">
      <Filter>Lua Scripts\Game</Filter>
    </None>
    <None Include="game_controller.lua">
      <Filter>Lua Scripts\brains</Filter>
    </None>
    <None Include="ball_brain.lua">
      <Filter>Lua Scripts\brains</Filter>
    </None>
    <None Include="ball.lua">
      <Filter>Lua Scripts\Game</Filter>
    </None>
    <None Include="paddle_brain.lua">
      <Filter>Lua Scripts\brains</Filter>
    </None>
    <None Include="paddle.lua">
      <Filter>Lua Scripts\Game</Filter>
    </None>
    <None Include="brick_brain.lua">
      <Filter>Lua Scripts\brains</Filter>
    </None>
  </ItemGroup>
  <ItemGroup>
    <ClCompile Include="main.cpp">
      <Filter>Source Files</Filter>
    </ClCompile>
    <ClCompile Include="Component.cpp">
      <Filter>Source Files\Components</Filter>
    </ClCompile>
    <ClCompile Include="LuaComponent.cpp">
      <Filter>Source Files\Components</Filter>
    </ClCompile>
    <ClCompile Include="RenderComponent.cpp">
      <Filter>Source Files\Components</Filter>
    </ClCompile>
    <ClCompile Include="TransformComponent.cpp">
      <Filter>Source Files\Components</Filter>
    </ClCompile>
    <ClCompile Include="CollisionManager.cpp">
      <Filter>Source Files\Systems</Filter>
    </ClCompile>
    <ClCompile Include="EntityManager.cpp">
      <Filter>Source Files\Systems</Filter>
    </ClCompile>
    <ClCompile Include="InputManager.cpp">
      <Filter>Source Files\Systems</Filter>
    </ClCompile>
    <ClCompile Include="RenderManager.cpp">
      <Filter>Source Files\Systems</Filter>
    </ClCompile>
    <ClCompile Include="Utility.cpp">
      <Filter>Source Files\Utility</Filter>
    </ClCompile>
    <ClCompile Include="Rector.cpp">
      <Filter>Source Files\Utility</Filter>
    </ClCompile>
    <ClCompile Include="ColliderComponent.cpp">
      <Filter>Source Files\Components</Filter>
    </ClCompile>
    <ClCompile Include="Entity.cpp">
      <Filter>Source Files\Systems</Filter>
    </ClCompile>
  </ItemGroup>
  <ItemGroup>
    <ClInclude Include="Entity.h">
      <Filter>Header Files</Filter>
    </ClInclude>
    <ClInclude Include="BucklandEntity.h">
      <Filter>Header Files\Buckland</Filter>
    </ClInclude>
    <ClInclude Include="BucklandMiner.h">
      <Filter>Header Files\Buckland</Filter>
    </ClInclude>
    <ClInclude Include="BucklandStateMachine.h">
      <Filter>Header Files\Buckland</Filter>
    </ClInclude>
    <ClInclude Include="BucklandUtility.h">
      <Filter>Header Files\Buckland</Filter>
    </ClInclude>
    <ClInclude Include="RenderComponent.h">
      <Filter>Header Files\Components</Filter>
    </ClInclude>
    <ClInclude Include="TransformComponent.h">
      <Filter>Header Files\Components</Filter>
    </ClInclude>
    <ClInclude Include="Component.h">
      <Filter>Header Files\Components</Filter>
    </ClInclude>
    <ClInclude Include="LuaComponent.h">
      <Filter>Header Files\Components</Filter>
    </ClInclude>
    <ClInclude Include="ColliderComponent.h">
      <Filter>Header Files\Components</Filter>
    </ClInclude>
    <ClInclude Include="RenderManager.h">
      <Filter>Header Files\Systems</Filter>
    </ClInclude>
    <ClInclude Include="InputManager.h">
      <Filter>Header Files\Systems</Filter>
    </ClInclude>
    <ClInclude Include="EntityManager.h">
      <Filter>Header Files\Systems</Filter>
    </ClInclude>
    <ClInclude Include="CollisionManager.h">
      <Filter>Header Files\Systems</Filter>
    </ClInclude>
    <ClInclude Include="Utility.h">
      <Filter>Header Files\Utility</Filter>
    </ClInclude>
    <ClInclude Include="Rector.h">
      <Filter>Header Files\Utility</Filter>
    </ClInclude>
  </ItemGroup>
</Project>